
Microsoft Visual Studio Solution File, Format Version 12.00
# Visual Studio Version 17
VisualStudioVersion = 17.2.32519.379
MinimumVisualStudioVersion = 10.0.40219.1
Project("{9A19103F-16F7-4668-BE54-9A1E7A4F7556}") = "WinFormsApp1", "WinFormsApp1.csproj", "{FC387FC9-A216-4FAE-AF49-FAF45A10D743}"
EndProject
Project("{2150E333-8FDC-42A3-9474-1A3956D46DE8}") = "Solution Items", "Solution Items", "{73EFD242-0CDC-40FC-B9EA-8C078EF6066B}"
	ProjectSection(SolutionItems) = preProject
		.editorconfig = .editorconfig
	EndProjectSection
EndProject
Global
	GlobalSection(SolutionConfigurationPlatforms) = preSolution
		Debug|Any CPU = Debug|Any CPU
		Release|Any CPU = Release|Any CPU
	EndGlobalSection
	GlobalSection(ProjectConfigurationPlatforms) = postSolution
		{FC387FC9-A216-4FAE-AF49-FAF45A10D743}.Debug|Any CPU.ActiveCfg = Debug|Any CPU
		{FC387FC9-A216-4FAE-AF49-FAF45A10D743}.Debug|Any CPU.Build.0 = Debug|Any CPU
		{FC387FC9-A216-4FAE-AF49-FAF45A10D743}.Release|Any CPU.ActiveCfg = Release|Any CPU
		{FC387FC9-A216-4FAE-AF49-FAF45A10D743}.Release|Any CPU.Build.0 = Release|Any CPU
	EndGlobalSection
	GlobalSection(SolutionProperties) = preSolution
		HideSolutionNode = FALSE
	EndGlobalSection
	GlobalSection(ExtensibilityGlobals) = postSolution
		SolutionGuid = {9531A99A-FB32-4E0C-BC14-337B934F4398}
	EndGlobalSection
EndGlobal
